
Microsoft Visual Studio Solution File, Format Version 12.00
# Visual Studio 15
VisualStudioVersion = 15.0.28010.2050
MinimumVisualStudioVersion = 10.0.40219.1
Project("{FAE04EC0-301F-11D3-BF4B-00C04F79EFBC}") = "CanliYayinApi", "CanliYayinApi\CanliYayinApi.csproj", "{FD464D6F-1788-43B4-BA62-6399988136C8}"
EndProject
Global
	GlobalSection(SolutionConfigurationPlatforms) = preSolution
		Debug|Any CPU = Debug|Any CPU
		Release|Any CPU = Release|Any CPU
	EndGlobalSection
	GlobalSection(ProjectConfigurationPlatforms) = postSolution
		{FD464D6F-1788-43B4-BA62-6399988136C8}.Debug|Any CPU.ActiveCfg = Debug|Any CPU
		{FD464D6F-1788-43B4-BA62-6399988136C8}.Debug|Any CPU.Build.0 = Debug|Any CPU
		{FD464D6F-1788-43B4-BA62-6399988136C8}.Release|Any CPU.ActiveCfg = Release|Any CPU
		{FD464D6F-1788-43B4-BA62-6399988136C8}.Release|Any CPU.Build.0 = Release|Any CPU
	EndGlobalSection
	GlobalSection(SolutionProperties) = preSolution
		HideSolutionNode = FALSE
	EndGlobalSection
	GlobalSection(ExtensibilityGlobals) = postSolution
		SolutionGuid = {5DD716D0-7DF1-4ECC-8554-15D2EC0B121F}
	EndGlobalSection
EndGlobal
